
Microsoft Visual Studio Solution File, Format Version 12.00
# Visual Studio 14
VisualStudioVersion = 14.0.22310.1
MinimumVisualStudioVersion = 10.0.40219.1
Project("{2150E333-8FDC-42A3-9474-1A3956D46DE8}") = "Test", "Test", "{C79EE8BC-FAE4-4E60-A9EE-C6E02C998B1A}"
EndProject
Project("{FAE04EC0-301F-11D3-BF4B-00C04F79EFBC}") = "AgileSqlClub.MergeUiPackage", "AgileSqlClub.MergeUiPackage\AgileSqlClub.MergeUiPackage.csproj", "{1431BE12-87A3-4CE1-8873-D8C77F901706}"
EndProject
Project("{FAE04EC0-301F-11D3-BF4B-00C04F79EFBC}") = "AgileSqlClub.MergeUi.UnitTests", "Test\AgileSqlClub.MergeUi.UnitTests\AgileSqlClub.MergeUi.UnitTests.csproj", "{B2C31EB7-E32D-40CD-9F4C-F74C68D62BB9}"
EndProject
Project("{FAE04EC0-301F-11D3-BF4B-00C04F79EFBC}") = "ImportTester", "Test\ImportTester\ImportTester.csproj", "{1AF22413-1F21-4A7F-85C3-AC7F1F1B8DC2}"
EndProject
Global
	GlobalSection(SolutionConfigurationPlatforms) = preSolution
		Debug|Any CPU = Debug|Any CPU
		Release|Any CPU = Release|Any CPU
	EndGlobalSection
	GlobalSection(ProjectConfigurationPlatforms) = postSolution
		{1431BE12-87A3-4CE1-8873-D8C77F901706}.Debug|Any CPU.ActiveCfg = Debug|Any CPU
		{1431BE12-87A3-4CE1-8873-D8C77F901706}.Debug|Any CPU.Build.0 = Debug|Any CPU
		{1431BE12-87A3-4CE1-8873-D8C77F901706}.Release|Any CPU.ActiveCfg = Release|Any CPU
		{1431BE12-87A3-4CE1-8873-D8C77F901706}.Release|Any CPU.Build.0 = Release|Any CPU
		{B2C31EB7-E32D-40CD-9F4C-F74C68D62BB9}.Debug|Any CPU.ActiveCfg = Debug|Any CPU
		{B2C31EB7-E32D-40CD-9F4C-F74C68D62BB9}.Debug|Any CPU.Build.0 = Debug|Any CPU
		{B2C31EB7-E32D-40CD-9F4C-F74C68D62BB9}.Release|Any CPU.ActiveCfg = Release|Any CPU
		{B2C31EB7-E32D-40CD-9F4C-F74C68D62BB9}.Release|Any CPU.Build.0 = Release|Any CPU
		{1AF22413-1F21-4A7F-85C3-AC7F1F1B8DC2}.Debug|Any CPU.ActiveCfg = Debug|Any CPU
		{1AF22413-1F21-4A7F-85C3-AC7F1F1B8DC2}.Debug|Any CPU.Build.0 = Debug|Any CPU
		{1AF22413-1F21-4A7F-85C3-AC7F1F1B8DC2}.Release|Any CPU.ActiveCfg = Release|Any CPU
		{1AF22413-1F21-4A7F-85C3-AC7F1F1B8DC2}.Release|Any CPU.Build.0 = Release|Any CPU
	EndGlobalSection
	GlobalSection(SolutionProperties) = preSolution
		HideSolutionNode = FALSE
	EndGlobalSection
	GlobalSection(NestedProjects) = preSolution
		{B2C31EB7-E32D-40CD-9F4C-F74C68D62BB9} = {C79EE8BC-FAE4-4E60-A9EE-C6E02C998B1A}
		{1AF22413-1F21-4A7F-85C3-AC7F1F1B8DC2} = {C79EE8BC-FAE4-4E60-A9EE-C6E02C998B1A}
	EndGlobalSection
EndGlobal
